
Microsoft Visual Studio Solution File, Format Version 12.00
# Visual Studio Version 16
VisualStudioVersion = 16.0.29102.190
MinimumVisualStudioVersion = 10.0.40219.1
Project("{FAE04EC0-301F-11D3-BF4B-00C04F79EFBC}") = "vidPlayer", "vidPlayer\vidPlayer.csproj", "{FA958087-E022-4B58-826C-2D3A8B8EAE73}"
EndProject
Global
	GlobalSection(SolutionConfigurationPlatforms) = preSolution
		Debug|Any CPU = Debug|Any CPU
		Release|Any CPU = Release|Any CPU
	EndGlobalSection
	GlobalSection(ProjectConfigurationPlatforms) = postSolution
		{FA958087-E022-4B58-826C-2D3A8B8EAE73}.Debug|Any CPU.ActiveCfg = Debug|Any CPU
		{FA958087-E022-4B58-826C-2D3A8B8EAE73}.Debug|Any CPU.Build.0 = Debug|Any CPU
		{FA958087-E022-4B58-826C-2D3A8B8EAE73}.Release|Any CPU.ActiveCfg = Release|Any CPU
		{FA958087-E022-4B58-826C-2D3A8B8EAE73}.Release|Any CPU.Build.0 = Release|Any CPU
	EndGlobalSection
	GlobalSection(SolutionProperties) = preSolution
		HideSolutionNode = FALSE
	EndGlobalSection
	GlobalSection(ExtensibilityGlobals) = postSolution
		SolutionGuid = {4E480F8D-4FEC-457C-9431-9B587F3C2CBA}
	EndGlobalSection
EndGlobal
